{
  "name": "studip-opencast-plugin",
  "version": "1.2.112",
  "lockfileVersion": 1,
  "requires": true,
  "dependencies": {
    "blueimp-canvas-to-blob": {
      "version": "3.17.0",
      "resolved": "https://registry.npmjs.org/blueimp-canvas-to-blob/-/blueimp-canvas-to-blob-3.17.0.tgz",
      "integrity": "sha512-LcuVZZtKtE4yUrLb0IQA7ndMm19gooDTrzvjjkvmQ1MhkFlSzTw+8Ftp+/ckfGeP2UDQvDsPyy8mIT69itAqbg==",
      "optional": true
    },
    "blueimp-file-upload": {
      "version": "10.8.0",
      "resolved": "https://registry.npmjs.org/blueimp-file-upload/-/blueimp-file-upload-10.8.0.tgz",
      "integrity": "sha512-cN1oB5hro7lQXEHN94DDSLDfgisilNof3YWxg4yTDJoqbU1I5Dsh8i+zxs9zyjzv7RNkY8LJjNEOHiKZZKVs1w==",
      "requires": {
        "blueimp-canvas-to-blob": "3",
        "blueimp-load-image": "2",
        "blueimp-tmpl": "3"
      }
    },
    "blueimp-load-image": {
      "version": "2.26.0",
      "resolved": "https://registry.npmjs.org/blueimp-load-image/-/blueimp-load-image-2.26.0.tgz",
      "integrity": "sha512-pL7SYdK9ZxBFmFiEoh91PIYccU9IzytQ8goIUgc+5RW6vYVyvpGRUltefceeoNyLARbF8QXiYimHp6kgjZ/IBg==",
      "optional": true
    },
    "blueimp-tmpl": {
      "version": "3.13.0",
      "resolved": "https://registry.npmjs.org/blueimp-tmpl/-/blueimp-tmpl-3.13.0.tgz",
      "integrity": "sha512-TC5eLXhPGGgBJG1gGxKRORB5DMxSVSTS/GsqsQuJ+shv0Ez5wc9bjoXVhPqtdbzVZAzFvveasAMrjqEYY/18Og==",
      "optional": true
    }
  }
}
