{
    "name": "studip-opencast-plugin-courseware-build",
    "version": "1.0.0",
    "lockfileVersion": 3,
    "requires": true,
    "packages": {
        "": {
            "name": "studip-opencast-plugin-courseware-build",
            "version": "1.0.0",
            "license": "AGPL-3.0-or-later",
            "devDependencies": {}
        }
    }
}
